{
  "name": "announcerbot",
  "version": "1.0.0",
  "lockfileVersion": 1,
  "dependencies": {
    "decompress-response": {
      "version": "3.3.0",
      "resolved": "https://registry.npmjs.org/decompress-response/-/decompress-response-3.3.0.tgz",
      "integrity": "sha1-gKTdMjdIOEv6JICDYirt7Jgq3/M="
    },
    "discord.js": {
      "version": "11.1.0",
      "resolved": "https://registry.npmjs.org/discord.js/-/discord.js-11.1.0.tgz",
      "integrity": "sha1-U1HVnjeY9TbeGXXpLK5NEa89kmY="
    },
    "duplexer3": {
      "version": "0.1.4",
      "resolved": "https://registry.npmjs.org/duplexer3/-/duplexer3-0.1.4.tgz",
      "integrity": "sha1-7gHdHKwO08vH/b6jfcCo8c4ALOI="
    },
    "get-stream": {
      "version": "3.0.0",
      "resolved": "https://registry.npmjs.org/get-stream/-/get-stream-3.0.0.tgz",
      "integrity": "sha1-jpQ9E1jcN1VQVOy+LtsFqhdO3hQ="
    },
    "got": {
      "version": "7.0.0",
      "resolved": "https://registry.npmjs.org/got/-/got-7.0.0.tgz",
      "integrity": "sha1-gtQ59nY82xyIIbejquJ4TIjDuNM="
    },
    "graceful-fs": {
      "version": "4.1.11",
      "resolved": "https://registry.npmjs.org/graceful-fs/-/graceful-fs-4.1.11.tgz",
      "integrity": "sha1-Dovf5NHduIVNZOBOp8AOKgJuVlg=",
      "optional": true
    },
    "has-symbol-support-x": {
      "version": "1.2.0",
      "resolved": "https://registry.npmjs.org/has-symbol-support-x/-/has-symbol-support-x-1.2.0.tgz",
      "integrity": "sha1-5iTq1RkMNbNOTimTRN/2Q32wLOI="
    },
    "has-to-string-tag-x": {
      "version": "1.2.0",
      "resolved": "https://registry.npmjs.org/has-to-string-tag-x/-/has-to-string-tag-x-1.2.0.tgz",
      "integrity": "sha1-xTbcTbvr4b6dKPYk/TIPeTEp/VM="
    },
    "is-object": {
      "version": "1.0.1",
      "resolved": "https://registry.npmjs.org/is-object/-/is-object-1.0.1.tgz",
      "integrity": "sha1-iVJojF7C/9awPsyF52ngKQMINHA="
    },
    "is-plain-obj": {
      "version": "1.1.0",
      "resolved": "https://registry.npmjs.org/is-plain-obj/-/is-plain-obj-1.1.0.tgz",
      "integrity": "sha1-caUMhCnfync8kqOQpKA7OfzVHT4="
    },
    "is-retry-allowed": {
      "version": "1.1.0",
      "resolved": "https://registry.npmjs.org/is-retry-allowed/-/is-retry-allowed-1.1.0.tgz",
      "integrity": "sha1-EaBgVotnM5REAz0BJaYaINVk+zQ="
    },
    "is-stream": {
      "version": "1.1.0",
      "resolved": "https://registry.npmjs.org/is-stream/-/is-stream-1.1.0.tgz",
      "integrity": "sha1-EtSj3U5o4Lec6428hBc66A2RykQ="
    },
    "isurl": {
      "version": "1.0.0-alpha6",
      "resolved": "https://registry.npmjs.org/isurl/-/isurl-1.0.0-alpha6.tgz",
      "integrity": "sha1-nfC4R3hmqkJdBGvo+7Qp5ktbiRU="
    },
    "jsonfile": {
      "version": "3.0.0",
      "resolved": "https://registry.npmjs.org/jsonfile/-/jsonfile-3.0.0.tgz",
      "integrity": "sha1-kufHRE5f/V+jLmqa6LhQNN+DR9A="
    },
    "long": {
      "version": "3.2.0",
      "resolved": "https://registry.npmjs.org/long/-/long-3.2.0.tgz",
      "integrity": "sha1-2CG3E4yhy1gcFymQ7xTbIAtcR0s="
    },
    "lowercase-keys": {
      "version": "1.0.0",
      "resolved": "https://registry.npmjs.org/lowercase-keys/-/lowercase-keys-1.0.0.tgz",
      "integrity": "sha1-TjNms55/VFfjXxMkvfb4jQv8cwY="
    },
    "mimic-response": {
      "version": "1.0.0",
      "resolved": "https://registry.npmjs.org/mimic-response/-/mimic-response-1.0.0.tgz",
      "integrity": "sha1-3z02Uqc/3ta5sLJBRub9BSNTRY4="
    },
    "p-cancelable": {
      "version": "0.2.0",
      "resolved": "https://registry.npmjs.org/p-cancelable/-/p-cancelable-0.2.0.tgz",
      "integrity": "sha1-MVL08wvnYGtg6/6LuTs/32kIXkY="
    },
    "p-timeout": {
      "version": "1.1.1",
      "resolved": "https://registry.npmjs.org/p-timeout/-/p-timeout-1.1.1.tgz",
      "integrity": "sha1-0o6f35bjKIhvv/B4+IatFYxTv20="
    },
    "prepend-http": {
      "version": "1.0.4",
      "resolved": "https://registry.npmjs.org/prepend-http/-/prepend-http-1.0.4.tgz",
      "integrity": "sha1-1PRWKwzjaW5BrFLQ4ALlemNdxtw="
    },
    "prism-media": {
      "version": "0.0.1",
      "resolved": "https://registry.npmjs.org/prism-media/-/prism-media-0.0.1.tgz",
      "integrity": "sha1-o0JcnKvVDRxsAuVDlBoRiVZnvRA="
    },
    "safe-buffer": {
      "version": "5.1.1",
      "resolved": "https://registry.npmjs.org/safe-buffer/-/safe-buffer-5.1.1.tgz",
      "integrity": "sha512-kKvNJn6Mm93gAczWVJg7wH+wGYWNrDHdWvpUmHyEsgCtIwwo3bqPtV4tR5tuPaUhTOo/kvhVwd8XwwOllGYkbg=="
    },
    "snekfetch": {
      "version": "3.1.11",
      "resolved": "https://registry.npmjs.org/snekfetch/-/snekfetch-3.1.11.tgz",
      "integrity": "sha512-jC00Es/N1thVDpIV12Esfv7Ya0dfgwsWy7SILFB9oiHthARDcqmc5VX5bdNoWBci2M05Z0ZweGNt2Oue8YD3qQ=="
    },
    "timed-out": {
      "version": "4.0.1",
      "resolved": "https://registry.npmjs.org/timed-out/-/timed-out-4.0.1.tgz",
      "integrity": "sha1-8y6srFoXW+ol1/q1Zas+2HQe9W8="
    },
    "tweetnacl": {
      "version": "0.14.5",
      "resolved": "https://registry.npmjs.org/tweetnacl/-/tweetnacl-0.14.5.tgz",
      "integrity": "sha1-WuaBd/GS1EViadEIr6k/+HQ/T2Q="
    },
    "ultron": {
      "version": "1.1.0",
      "resolved": "https://registry.npmjs.org/ultron/-/ultron-1.1.0.tgz",
      "integrity": "sha1-sHoualQagV/Go0zNRTO67DB8qGQ="
    },
    "url-parse-lax": {
      "version": "1.0.0",
      "resolved": "https://registry.npmjs.org/url-parse-lax/-/url-parse-lax-1.0.0.tgz",
      "integrity": "sha1-evjzA2Rem9eaJy56FKxovAYJ2nM="
    },
    "ws": {
      "version": "2.3.1",
      "resolved": "https://registry.npmjs.org/ws/-/ws-2.3.1.tgz",
      "integrity": "sha1-a5Sz5EfLajY/eF6vlK9jWejoHIA=",
      "dependencies": {
        "safe-buffer": {
          "version": "5.0.1",
          "resolved": "https://registry.npmjs.org/safe-buffer/-/safe-buffer-5.0.1.tgz",
          "integrity": "sha1-0mPKVGls2KMGtcplUekt5XkY++c="
        }
      }
    }
  }
}
